
Microsoft Visual Studio Solution File, Format Version 12.00
# Visual Studio Version 17
VisualStudioVersion = 17.6.33829.357
MinimumVisualStudioVersion = 10.0.40219.1
Project("{FAE04EC0-301F-11D3-BF4B-00C04F79EFBC}") = "DddoTest", "DddoTest\DddoTest.csproj", "{9DE1BA01-F447-4CB8-938E-5F59CD47F9F0}"
EndProject
Global
	GlobalSection(SolutionConfigurationPlatforms) = preSolution
		Debug|Any CPU = Debug|Any CPU
		Release|Any CPU = Release|Any CPU
	EndGlobalSection
	GlobalSection(ProjectConfigurationPlatforms) = postSolution
		{9DE1BA01-F447-4CB8-938E-5F59CD47F9F0}.Debug|Any CPU.ActiveCfg = Debug|Any CPU
		{9DE1BA01-F447-4CB8-938E-5F59CD47F9F0}.Debug|Any CPU.Build.0 = Debug|Any CPU
		{9DE1BA01-F447-4CB8-938E-5F59CD47F9F0}.Release|Any CPU.ActiveCfg = Release|Any CPU
		{9DE1BA01-F447-4CB8-938E-5F59CD47F9F0}.Release|Any CPU.Build.0 = Release|Any CPU
	EndGlobalSection
	GlobalSection(SolutionProperties) = preSolution
		HideSolutionNode = FALSE
	EndGlobalSection
	GlobalSection(ExtensibilityGlobals) = postSolution
		SolutionGuid = {36160CE9-832E-4489-A27E-0E6D19C179AA}
	EndGlobalSection
EndGlobal
